
Microsoft Visual Studio Solution File, Format Version 12.00
# Visual Studio Version 17
VisualStudioVersion = 17.5.33424.131
MinimumVisualStudioVersion = 10.0.40219.1
Project("{8BC9CEB8-8B4A-11D0-8D11-00A0C91BC942}") = "problemMultiwaris", "problemMultiwaris\problemMultiwaris.vcxproj", "{4CF27E0A-1275-4FBE-9AC6-8E648E85B713}"
EndProject
Project("{8BC9CEB8-8B4A-11D0-8D11-00A0C91BC942}") = "solveMultiwaris", "solveMultiwaris\solveMultiwaris.vcxproj", "{3CE29B08-FB3E-4F62-9243-1B881C0D6302}"
EndProject
Project("{8BC9CEB8-8B4A-11D0-8D11-00A0C91BC942}") = "Polymorphism", "Polymorphism\Polymorphism.vcxproj", "{99C931DA-8536-41CB-AB02-3339B00D2C1D}"
EndProject
Project("{8BC9CEB8-8B4A-11D0-8D11-00A0C91BC942}") = "programNoOverriding", "programNoOverriding\programNoOverriding.vcxproj", "{645299DF-4A8E-4717-8BDF-04DE545B3C85}"
EndProject
Project("{8BC9CEB8-8B4A-11D0-8D11-00A0C91BC942}") = "ProgramNoPewarisan", "ProgramNoPewarisan\ProgramNoPewarisan.vcxproj", "{E9B0D9B1-9D86-4670-BCC5-8D9B94C8AF21}"
EndProject
Project("{8BC9CEB8-8B4A-11D0-8D11-00A0C91BC942}") = "ProgramEnkapsulasi", "ProgramEnkapsulasi\ProgramEnkapsulasi.vcxproj", "{19D79CF8-6031-4D0E-AEED-6C4CFE3302CB}"
EndProject
Project("{8BC9CEB8-8B4A-11D0-8D11-00A0C91BC942}") = "ProgramAbstraksi", "ProgramAbstraksi\ProgramAbstraksi.vcxproj", "{06D9A042-C401-451E-90D0-D97B12DFEE4D}"
EndProject
Project("{8BC9CEB8-8B4A-11D0-8D11-00A0C91BC942}") = "ProgramMultiWaris", "ProgramMultiWaris\ProgramMultiWaris.vcxproj", "{6BB09990-F586-4315-888B-2082DE0A58E0}"
EndProject
Global
	GlobalSection(SolutionConfigurationPlatforms) = preSolution
		Debug|x64 = Debug|x64
		Debug|x86 = Debug|x86
		Release|x64 = Release|x64
		Release|x86 = Release|x86
	EndGlobalSection
	GlobalSection(ProjectConfigurationPlatforms) = postSolution
		{4CF27E0A-1275-4FBE-9AC6-8E648E85B713}.Debug|x64.ActiveCfg = Debug|x64
		{4CF27E0A-1275-4FBE-9AC6-8E648E85B713}.Debug|x64.Build.0 = Debug|x64
		{4CF27E0A-1275-4FBE-9AC6-8E648E85B713}.Debug|x86.ActiveCfg = Debug|Win32
		{4CF27E0A-1275-4FBE-9AC6-8E648E85B713}.Debug|x86.Build.0 = Debug|Win32
		{4CF27E0A-1275-4FBE-9AC6-8E648E85B713}.Release|x64.ActiveCfg = Release|x64
		{4CF27E0A-1275-4FBE-9AC6-8E648E85B713}.Release|x64.Build.0 = Release|x64
		{4CF27E0A-1275-4FBE-9AC6-8E648E85B713}.Release|x86.ActiveCfg = Release|Win32
		{4CF27E0A-1275-4FBE-9AC6-8E648E85B713}.Release|x86.Build.0 = Release|Win32
		{3CE29B08-FB3E-4F62-9243-1B881C0D6302}.Debug|x64.ActiveCfg = Debug|x64
		{3CE29B08-FB3E-4F62-9243-1B881C0D6302}.Debug|x64.Build.0 = Debug|x64
		{3CE29B08-FB3E-4F62-9243-1B881C0D6302}.Debug|x86.ActiveCfg = Debug|Win32
		{3CE29B08-FB3E-4F62-9243-1B881C0D6302}.Debug|x86.Build.0 = Debug|Win32
		{3CE29B08-FB3E-4F62-9243-1B881C0D6302}.Release|x64.ActiveCfg = Release|x64
		{3CE29B08-FB3E-4F62-9243-1B881C0D6302}.Release|x64.Build.0 = Release|x64
		{3CE29B08-FB3E-4F62-9243-1B881C0D6302}.Release|x86.ActiveCfg = Release|Win32
		{3CE29B08-FB3E-4F62-9243-1B881C0D6302}.Release|x86.Build.0 = Release|Win32
		{99C931DA-8536-41CB-AB02-3339B00D2C1D}.Debug|x64.ActiveCfg = Debug|x64
		{99C931DA-8536-41CB-AB02-3339B00D2C1D}.Debug|x64.Build.0 = Debug|x64
		{99C931DA-8536-41CB-AB02-3339B00D2C1D}.Debug|x86.ActiveCfg = Debug|Win32
		{99C931DA-8536-41CB-AB02-3339B00D2C1D}.Debug|x86.Build.0 = Debug|Win32
		{99C931DA-8536-41CB-AB02-3339B00D2C1D}.Release|x64.ActiveCfg = Release|x64
		{99C931DA-8536-41CB-AB02-3339B00D2C1D}.Release|x64.Build.0 = Release|x64
		{99C931DA-8536-41CB-AB02-3339B00D2C1D}.Release|x86.ActiveCfg = Release|Win32
		{99C931DA-8536-41CB-AB02-3339B00D2C1D}.Release|x86.Build.0 = Release|Win32
		{645299DF-4A8E-4717-8BDF-04DE545B3C85}.Debug|x64.ActiveCfg = Debug|x64
		{645299DF-4A8E-4717-8BDF-04DE545B3C85}.Debug|x64.Build.0 = Debug|x64
		{645299DF-4A8E-4717-8BDF-04DE545B3C85}.Debug|x86.ActiveCfg = Debug|Win32
		{645299DF-4A8E-4717-8BDF-04DE545B3C85}.Debug|x86.Build.0 = Debug|Win32
		{645299DF-4A8E-4717-8BDF-04DE545B3C85}.Release|x64.ActiveCfg = Release|x64
		{645299DF-4A8E-4717-8BDF-04DE545B3C85}.Release|x64.Build.0 = Release|x64
		{645299DF-4A8E-4717-8BDF-04DE545B3C85}.Release|x86.ActiveCfg = Release|Win32
		{645299DF-4A8E-4717-8BDF-04DE545B3C85}.Release|x86.Build.0 = Release|Win32
		{E9B0D9B1-9D86-4670-BCC5-8D9B94C8AF21}.Debug|x64.ActiveCfg = Debug|x64
		{E9B0D9B1-9D86-4670-BCC5-8D9B94C8AF21}.Debug|x64.Build.0 = Debug|x64
		{E9B0D9B1-9D86-4670-BCC5-8D9B94C8AF21}.Debug|x86.ActiveCfg = Debug|Win32
		{E9B0D9B1-9D86-4670-BCC5-8D9B94C8AF21}.Debug|x86.Build.0 = Debug|Win32
		{E9B0D9B1-9D86-4670-BCC5-8D9B94C8AF21}.Release|x64.ActiveCfg = Release|x64
		{E9B0D9B1-9D86-4670-BCC5-8D9B94C8AF21}.Release|x64.Build.0 = Release|x64
		{E9B0D9B1-9D86-4670-BCC5-8D9B94C8AF21}.Release|x86.ActiveCfg = Release|Win32
		{E9B0D9B1-9D86-4670-BCC5-8D9B94C8AF21}.Release|x86.Build.0 = Release|Win32
		{19D79CF8-6031-4D0E-AEED-6C4CFE3302CB}.Debug|x64.ActiveCfg = Debug|x64
		{19D79CF8-6031-4D0E-AEED-6C4CFE3302CB}.Debug|x64.Build.0 = Debug|x64
		{19D79CF8-6031-4D0E-AEED-6C4CFE3302CB}.Debug|x86.ActiveCfg = Debug|Win32
		{19D79CF8-6031-4D0E-AEED-6C4CFE3302CB}.Debug|x86.Build.0 = Debug|Win32
		{19D79CF8-6031-4D0E-AEED-6C4CFE3302CB}.Release|x64.ActiveCfg = Release|x64
		{19D79CF8-6031-4D0E-AEED-6C4CFE3302CB}.Release|x64.Build.0 = Release|x64
		{19D79CF8-6031-4D0E-AEED-6C4CFE3302CB}.Release|x86.ActiveCfg = Release|Win32
		{19D79CF8-6031-4D0E-AEED-6C4CFE3302CB}.Release|x86.Build.0 = Release|Win32
		{06D9A042-C401-451E-90D0-D97B12DFEE4D}.Debug|x64.ActiveCfg = Debug|x64
		{06D9A042-C401-451E-90D0-D97B12DFEE4D}.Debug|x64.Build.0 = Debug|x64
		{06D9A042-C401-451E-90D0-D97B12DFEE4D}.Debug|x86.ActiveCfg = Debug|Win32
		{06D9A042-C401-451E-90D0-D97B12DFEE4D}.Debug|x86.Build.0 = Debug|Win32
		{06D9A042-C401-451E-90D0-D97B12DFEE4D}.Release|x64.ActiveCfg = Release|x64
		{06D9A042-C401-451E-90D0-D97B12DFEE4D}.Release|x64.Build.0 = Release|x64
		{06D9A042-C401-451E-90D0-D97B12DFEE4D}.Release|x86.ActiveCfg = Release|Win32
		{06D9A042-C401-451E-90D0-D97B12DFEE4D}.Release|x86.Build.0 = Release|Win32
		{6BB09990-F586-4315-888B-2082DE0A58E0}.Debug|x64.ActiveCfg = Debug|x64
		{6BB09990-F586-4315-888B-2082DE0A58E0}.Debug|x64.Build.0 = Debug|x64
		{6BB09990-F586-4315-888B-2082DE0A58E0}.Debug|x86.ActiveCfg = Debug|Win32
		{6BB09990-F586-4315-888B-2082DE0A58E0}.Debug|x86.Build.0 = Debug|Win32
		{6BB09990-F586-4315-888B-2082DE0A58E0}.Release|x64.ActiveCfg = Release|x64
		{6BB09990-F586-4315-888B-2082DE0A58E0}.Release|x64.Build.0 = Release|x64
		{6BB09990-F586-4315-888B-2082DE0A58E0}.Release|x86.ActiveCfg = Release|Win32
		{6BB09990-F586-4315-888B-2082DE0A58E0}.Release|x86.Build.0 = Release|Win32
	EndGlobalSection
	GlobalSection(SolutionProperties) = preSolution
		HideSolutionNode = FALSE
	EndGlobalSection
	GlobalSection(ExtensibilityGlobals) = postSolution
		SolutionGuid = {FE8EB31A-3A07-40F9-9B72-640C1C5A1316}
	EndGlobalSection
EndGlobal
